// !$*UTF8*$!
{
	archiveVersion = 1;
	classes = {
	};
	objectVersion = 77;
	objects = {

/* Begin PBXBuildFile section */
		E711766F2CE0F2E700236F4A /* HTMLView.swift in Sources */ = {isa = PBXBuildFile; fileRef = E766B3AE2CC178310081E3A4 /* HTMLView.swift */; };
		E71177A42CE119B500236F4A /* MandocMacro.swift in Sources */ = {isa = PBXBuildFile; fileRef = E73928702CD07D88004809E2 /* MandocMacro.swift */; };
		E71177A52CE119B500236F4A /* ListBlock.swift in Sources */ = {isa = PBXBuildFile; fileRef = E7447B2A2CD9F16B0051248B /* ListBlock.swift */; };
		E71177A62CE119B500236F4A /* Mandoc.swift in Sources */ = {isa = PBXBuildFile; fileRef = E766B3B02CC178310081E3A4 /* Mandoc.swift */; };
		E71177A72CE119B500236F4A /* ParseState.swift in Sources */ = {isa = PBXBuildFile; fileRef = E7447B282CD87EEF0051248B /* ParseState.swift */; };
		E71177A82CE119C800236F4A /* Assets.xcassets in Resources */ = {isa = PBXBuildFile; fileRef = E766B3AC2CC178310081E3A4 /* Assets.xcassets */; };
		E71177A92CE119C800236F4A /* Mandoc.css in Resources */ = {isa = PBXBuildFile; fileRef = E766B3CC2CC30EE50081E3A4 /* Mandoc.css */; };
		E71177AA2CE119D600236F4A /* Tokenizer.swift in Sources */ = {isa = PBXBuildFile; fileRef = E766B3BF2CC19AB70081E3A4 /* Tokenizer.swift */; };
		E71177AC2CE11A2C00236F4A /* HTMLMacros.swift in Sources */ = {isa = PBXBuildFile; fileRef = E766B3C32CC19E730081E3A4 /* HTMLMacros.swift */; };
		E71177AD2CE11C4A00236F4A /* AppDelegate.swift in Sources */ = {isa = PBXBuildFile; fileRef = E766B3AB2CC178310081E3A4 /* AppDelegate.swift */; };
		E71177AE2CE1213100236F4A /* Definitions.swift in Sources */ = {isa = PBXBuildFile; fileRef = E766B3C12CC19C3E0081E3A4 /* Definitions.swift */; };
		E71177B02CE1215C00236F4A /* Extensions.swift in Sources */ = {isa = PBXBuildFile; fileRef = E71177AF2CE1215C00236F4A /* Extensions.swift */; };
		E71177B22CE1218200236F4A /* CommandRunner.swift in Sources */ = {isa = PBXBuildFile; fileRef = E70560542CC86957001A9FAB /* CommandRunner.swift */; };
		E73637F02CFCC83D00D56A6B /* Settings.swift in Sources */ = {isa = PBXBuildFile; fileRef = E73637EF2CFCC83D00D56A6B /* Settings.swift */; };
		E73637F12CFCCF8800D56A6B /* Manpath.swift in Sources */ = {isa = PBXBuildFile; fileRef = E766B3B12CC178310081E3A4 /* Manpath.swift */; };
		E7AEBD842CF108A100E468CF /* README.md in Resources */ = {isa = PBXBuildFile; fileRef = E7AEBD832CF1089D00E468CF /* README.md */; };
		E7AEBD892CF1264200E468CF /* TODO.md in Resources */ = {isa = PBXBuildFile; fileRef = E7AEBD882CF1264200E468CF /* TODO.md */; };
		E7E43BDC2CECD9A7007F3A48 /* Preview Assets.xcassets in Resources */ = {isa = PBXBuildFile; fileRef = E7E43BD32CECD9A7007F3A48 /* Preview Assets.xcassets */; };
		E7E43BDD2CECD9A7007F3A48 /* Assets.xcassets in Resources */ = {isa = PBXBuildFile; fileRef = E7E43BD52CECD9A7007F3A48 /* Assets.xcassets */; };
		E7E43BDF2CECD9A7007F3A48 /* ContentView.swift in Sources */ = {isa = PBXBuildFile; fileRef = E7E43BD62CECD9A7007F3A48 /* ContentView.swift */; };
		E7E43BE02CECD9A7007F3A48 /* manMLApp.swift in Sources */ = {isa = PBXBuildFile; fileRef = E7E43BD92CECD9A7007F3A48 /* manMLApp.swift */; };
		E7E43BE12CECD9A7007F3A48 /* Process.swift in Sources */ = {isa = PBXBuildFile; fileRef = E7E43BDA2CECD9A7007F3A48 /* Process.swift */; };
		E7F889A12D7E84BD004E289B /* Escapes.swift in Sources */ = {isa = PBXBuildFile; fileRef = E7F889A02D7E84B5004E289B /* Escapes.swift */; };
/* End PBXBuildFile section */

/* Begin PBXFileReference section */
		E70560542CC86957001A9FAB /* CommandRunner.swift */ = {isa = PBXFileReference; lastKnownFileType = sourcecode.swift; path = CommandRunner.swift; sourceTree = "<group>"; };
		E71176602CE0411C00236F4A /* manML.app */ = {isa = PBXFileReference; explicitFileType = wrapper.application; includeInIndex = 0; path = manML.app; sourceTree = BUILT_PRODUCTS_DIR; };
		E71177AF2CE1215C00236F4A /* Extensions.swift */ = {isa = PBXFileReference; lastKnownFileType = sourcecode.swift; path = Extensions.swift; sourceTree = "<group>"; };
		E73637EF2CFCC83D00D56A6B /* Settings.swift */ = {isa = PBXFileReference; lastKnownFileType = sourcecode.swift; path = Settings.swift; sourceTree = "<group>"; };
		E73928702CD07D88004809E2 /* MandocMacro.swift */ = {isa = PBXFileReference; lastKnownFileType = sourcecode.swift; path = MandocMacro.swift; sourceTree = "<group>"; };
		E7447B282CD87EEF0051248B /* ParseState.swift */ = {isa = PBXFileReference; lastKnownFileType = sourcecode.swift; path = ParseState.swift; sourceTree = "<group>"; wrapsLines = 0; };
		E7447B2A2CD9F16B0051248B /* ListBlock.swift */ = {isa = PBXFileReference; lastKnownFileType = sourcecode.swift; path = ListBlock.swift; sourceTree = "<group>"; };
		E766B3AB2CC178310081E3A4 /* AppDelegate.swift */ = {isa = PBXFileReference; lastKnownFileType = sourcecode.swift; path = AppDelegate.swift; sourceTree = "<group>"; };
		E766B3AC2CC178310081E3A4 /* Assets.xcassets */ = {isa = PBXFileReference; lastKnownFileType = folder.assetcatalog; path = Assets.xcassets; sourceTree = "<group>"; };
		E766B3AE2CC178310081E3A4 /* HTMLView.swift */ = {isa = PBXFileReference; lastKnownFileType = sourcecode.swift; path = HTMLView.swift; sourceTree = "<group>"; };
		E766B3B02CC178310081E3A4 /* Mandoc.swift */ = {isa = PBXFileReference; lastKnownFileType = sourcecode.swift; path = Mandoc.swift; sourceTree = "<group>"; };
		E766B3B12CC178310081E3A4 /* Manpath.swift */ = {isa = PBXFileReference; lastKnownFileType = sourcecode.swift; path = Manpath.swift; sourceTree = "<group>"; };
		E766B3BF2CC19AB70081E3A4 /* Tokenizer.swift */ = {isa = PBXFileReference; lastKnownFileType = sourcecode.swift; path = Tokenizer.swift; sourceTree = "<group>"; };
		E766B3C12CC19C3E0081E3A4 /* Definitions.swift */ = {isa = PBXFileReference; lastKnownFileType = sourcecode.swift; path = Definitions.swift; sourceTree = "<group>"; };
		E766B3C32CC19E730081E3A4 /* HTMLMacros.swift */ = {isa = PBXFileReference; lastKnownFileType = sourcecode.swift; path = HTMLMacros.swift; sourceTree = "<group>"; };
		E766B3C72CC30EE50081E3A4 /* default.man */ = {isa = PBXFileReference; lastKnownFileType = text; path = default.man; sourceTree = "<group>"; };
		E766B3CC2CC30EE50081E3A4 /* Mandoc.css */ = {isa = PBXFileReference; lastKnownFileType = text.css; path = Mandoc.css; sourceTree = "<group>"; };
		E7AEBD832CF1089D00E468CF /* README.md */ = {isa = PBXFileReference; lastKnownFileType = net.daringfireball.markdown; path = README.md; sourceTree = "<group>"; };
		E7AEBD882CF1264200E468CF /* TODO.md */ = {isa = PBXFileReference; lastKnownFileType = net.daringfireball.markdown; path = TODO.md; sourceTree = "<group>"; };
		E7B75A012D66E411004B6D22 /* manML.xcodeproj */ = {isa = PBXFileReference; lastKnownFileType = "wrapper.pb-project"; path = manML.xcodeproj; sourceTree = SOURCE_ROOT; };
		E7E43BD32CECD9A7007F3A48 /* Preview Assets.xcassets */ = {isa = PBXFileReference; lastKnownFileType = folder.assetcatalog; path = "Preview Assets.xcassets"; sourceTree = "<group>"; };
		E7E43BD52CECD9A7007F3A48 /* Assets.xcassets */ = {isa = PBXFileReference; lastKnownFileType = folder.assetcatalog; path = Assets.xcassets; sourceTree = "<group>"; };
		E7E43BD62CECD9A7007F3A48 /* ContentView.swift */ = {isa = PBXFileReference; lastKnownFileType = sourcecode.swift; path = ContentView.swift; sourceTree = "<group>"; };
		E7E43BD72CECD9A7007F3A48 /* Info.plist */ = {isa = PBXFileReference; lastKnownFileType = text.plist.xml; path = Info.plist; sourceTree = "<group>"; };
		E7E43BD82CECD9A7007F3A48 /* manML.entitlements */ = {isa = PBXFileReference; lastKnownFileType = text.plist.entitlements; path = manML.entitlements; sourceTree = "<group>"; };
		E7E43BD92CECD9A7007F3A48 /* manMLApp.swift */ = {isa = PBXFileReference; lastKnownFileType = sourcecode.swift; path = manMLApp.swift; sourceTree = "<group>"; };
		E7E43BDA2CECD9A7007F3A48 /* Process.swift */ = {isa = PBXFileReference; lastKnownFileType = sourcecode.swift; path = Process.swift; sourceTree = "<group>"; };
		E7F889A02D7E84B5004E289B /* Escapes.swift */ = {isa = PBXFileReference; lastKnownFileType = sourcecode.swift; path = Escapes.swift; sourceTree = "<group>"; };
		F487F4AB141EADEF0093D633 /* Cocoa.framework */ = {isa = PBXFileReference; lastKnownFileType = wrapper.framework; name = Cocoa.framework; path = System/Library/Frameworks/Cocoa.framework; sourceTree = SDKROOT; };
		F487F4AE141EADEF0093D633 /* AppKit.framework */ = {isa = PBXFileReference; lastKnownFileType = wrapper.framework; name = AppKit.framework; path = System/Library/Frameworks/AppKit.framework; sourceTree = SDKROOT; };
		F487F4B0141EADEF0093D633 /* Foundation.framework */ = {isa = PBXFileReference; lastKnownFileType = wrapper.framework; name = Foundation.framework; path = System/Library/Frameworks/Foundation.framework; sourceTree = SDKROOT; };
		F487F505141EAF8A0093D633 /* WebKit.framework */ = {isa = PBXFileReference; lastKnownFileType = wrapper.framework; name = WebKit.framework; path = /System/Library/Frameworks/WebKit.framework; sourceTree = "<absolute>"; };
/* End PBXFileReference section */

/* Begin PBXFrameworksBuildPhase section */
		E711765D2CE0411C00236F4A /* Frameworks */ = {
			isa = PBXFrameworksBuildPhase;
			buildActionMask = 2147483647;
			files = (
			);
			runOnlyForDeploymentPostprocessing = 0;
		};
/* End PBXFrameworksBuildPhase section */

/* Begin PBXGroup section */
		E720D87E2D6F898D008A669C /* Products */ = {
			isa = PBXGroup;
			name = Products;
			sourceTree = "<group>";
		};
		E7E43BD42CECD9A7007F3A48 /* Preview Content */ = {
			isa = PBXGroup;
			children = (
				E7E43BD32CECD9A7007F3A48 /* Preview Assets.xcassets */,
			);
			path = "Preview Content";
			sourceTree = "<group>";
		};
		E7E43BDB2CECD9A7007F3A48 /* manML */ = {
			isa = PBXGroup;
			children = (
				E766B3AB2CC178310081E3A4 /* AppDelegate.swift */,
				E7E43BD52CECD9A7007F3A48 /* Assets.xcassets */,
				E70560542CC86957001A9FAB /* CommandRunner.swift */,
				E7E43BD62CECD9A7007F3A48 /* ContentView.swift */,
				E766B3C12CC19C3E0081E3A4 /* Definitions.swift */,
				E71177AF2CE1215C00236F4A /* Extensions.swift */,
				E766B3C32CC19E730081E3A4 /* HTMLMacros.swift */,
				E766B3AE2CC178310081E3A4 /* HTMLView.swift */,
				E7E43BD72CECD9A7007F3A48 /* Info.plist */,
				E7447B2A2CD9F16B0051248B /* ListBlock.swift */,
				E766B3B02CC178310081E3A4 /* Mandoc.swift */,
				E73928702CD07D88004809E2 /* MandocMacro.swift */,
				E7E43BD82CECD9A7007F3A48 /* manML.entitlements */,
				E7E43BD92CECD9A7007F3A48 /* manMLApp.swift */,
				E766B3B12CC178310081E3A4 /* Manpath.swift */,
				E7447B282CD87EEF0051248B /* ParseState.swift */,
				E7E43BD42CECD9A7007F3A48 /* Preview Content */,
				E7E43BDA2CECD9A7007F3A48 /* Process.swift */,
				E766B3BF2CC19AB70081E3A4 /* Tokenizer.swift */,
				E7F889A02D7E84B5004E289B /* Escapes.swift */,
				E73637EF2CFCC83D00D56A6B /* Settings.swift */,
			);
			path = manML;
			sourceTree = "<group>";
		};
		F487F49C141EADEF0093D633 = {
			isa = PBXGroup;
			children = (
				E7B75A012D66E411004B6D22 /* manML.xcodeproj */,
				E7AEBD832CF1089D00E468CF /* README.md */,
				F487F4B2141EADEF0093D633 /* Resources */,
				E7E43BDB2CECD9A7007F3A48 /* manML */,
				F487F4AA141EADEF0093D633 /* Frameworks */,
				F487F4A8141EADEF0093D633 /* Products */,
			);
			sourceTree = "<group>";
		};
		F487F4A8141EADEF0093D633 /* Products */ = {
			isa = PBXGroup;
			children = (
				E71176602CE0411C00236F4A /* manML.app */,
			);
			name = Products;
			sourceTree = "<group>";
		};
		F487F4AA141EADEF0093D633 /* Frameworks */ = {
			isa = PBXGroup;
			children = (
				F487F505141EAF8A0093D633 /* WebKit.framework */,
				F487F4AE141EADEF0093D633 /* AppKit.framework */,
				F487F4B0141EADEF0093D633 /* Foundation.framework */,
				F487F4AB141EADEF0093D633 /* Cocoa.framework */,
			);
			name = Frameworks;
			sourceTree = "<group>";
		};
		F487F4B2141EADEF0093D633 /* Resources */ = {
			isa = PBXGroup;
			children = (
				E7AEBD882CF1264200E468CF /* TODO.md */,
				E766B3AC2CC178310081E3A4 /* Assets.xcassets */,
				E766B3CC2CC30EE50081E3A4 /* Mandoc.css */,
				E766B3C72CC30EE50081E3A4 /* default.man */,
			);
			path = Resources;
			sourceTree = "<group>";
		};
/* End PBXGroup section */

/* Begin PBXNativeTarget section */
		E711765F2CE0411C00236F4A /* manML */ = {
			isa = PBXNativeTarget;
			buildConfigurationList = E711766E2CE0411E00236F4A /* Build configuration list for PBXNativeTarget "manML" */;
			buildPhases = (
				E711765C2CE0411C00236F4A /* Sources */,
				E711765D2CE0411C00236F4A /* Frameworks */,
				E711765E2CE0411C00236F4A /* Resources */,
			);
			buildRules = (
			);
			dependencies = (
			);
			name = manML;
			packageProductDependencies = (
			);
			productName = NewMan;
			productReference = E71176602CE0411C00236F4A /* manML.app */;
			productType = "com.apple.product-type.application";
		};
/* End PBXNativeTarget section */

/* Begin PBXProject section */
		F487F49E141EADEF0093D633 /* Project object */ = {
			isa = PBXProject;
			attributes = {
				BuildIndependentTargetsInParallel = YES;
				LastSwiftUpdateCheck = 1610;
				LastUpgradeCheck = 1610;
				TargetAttributes = {
					E711765F2CE0411C00236F4A = {
						CreatedOnToolsVersion = 16.1;
					};
				};
			};
			buildConfigurationList = F487F4A1141EADEF0093D633 /* Build configuration list for PBXProject "manML" */;
			developmentRegion = en;
			hasScannedForEncodings = 0;
			knownRegions = (
				en,
				Base,
			);
			mainGroup = F487F49C141EADEF0093D633;
			preferredProjectObjectVersion = 77;
			productRefGroup = F487F4A8141EADEF0093D633 /* Products */;
			projectDirPath = "";
			projectReferences = (
				{
					ProductGroup = E720D87E2D6F898D008A669C /* Products */;
					ProjectRef = E7B75A012D66E411004B6D22 /* manML.xcodeproj */;
				},
			);
			projectRoot = "";
			targets = (
				E711765F2CE0411C00236F4A /* manML */,
			);
		};
/* End PBXProject section */

/* Begin PBXResourcesBuildPhase section */
		E711765E2CE0411C00236F4A /* Resources */ = {
			isa = PBXResourcesBuildPhase;
			buildActionMask = 2147483647;
			files = (
				E7AEBD892CF1264200E468CF /* TODO.md in Resources */,
				E71177A82CE119C800236F4A /* Assets.xcassets in Resources */,
				E7E43BDC2CECD9A7007F3A48 /* Preview Assets.xcassets in Resources */,
				E7E43BDD2CECD9A7007F3A48 /* Assets.xcassets in Resources */,
				E7AEBD842CF108A100E468CF /* README.md in Resources */,
				E71177A92CE119C800236F4A /* Mandoc.css in Resources */,
			);
			runOnlyForDeploymentPostprocessing = 0;
		};
/* End PBXResourcesBuildPhase section */

/* Begin PBXSourcesBuildPhase section */
		E711765C2CE0411C00236F4A /* Sources */ = {
			isa = PBXSourcesBuildPhase;
			buildActionMask = 2147483647;
			files = (
				E71177AE2CE1213100236F4A /* Definitions.swift in Sources */,
				E73637F12CFCCF8800D56A6B /* Manpath.swift in Sources */,
				E7E43BDF2CECD9A7007F3A48 /* ContentView.swift in Sources */,
				E7E43BE02CECD9A7007F3A48 /* manMLApp.swift in Sources */,
				E7E43BE12CECD9A7007F3A48 /* Process.swift in Sources */,
				E71177AD2CE11C4A00236F4A /* AppDelegate.swift in Sources */,
				E71177A42CE119B500236F4A /* MandocMacro.swift in Sources */,
				E71177A52CE119B500236F4A /* ListBlock.swift in Sources */,
				E71177AC2CE11A2C00236F4A /* HTMLMacros.swift in Sources */,
				E71177A62CE119B500236F4A /* Mandoc.swift in Sources */,
				E71177A72CE119B500236F4A /* ParseState.swift in Sources */,
				E7F889A12D7E84BD004E289B /* Escapes.swift in Sources */,
				E73637F02CFCC83D00D56A6B /* Settings.swift in Sources */,
				E711766F2CE0F2E700236F4A /* HTMLView.swift in Sources */,
				E71177B22CE1218200236F4A /* CommandRunner.swift in Sources */,
				E71177AA2CE119D600236F4A /* Tokenizer.swift in Sources */,
				E71177B02CE1215C00236F4A /* Extensions.swift in Sources */,
			);
			runOnlyForDeploymentPostprocessing = 0;
		};
/* End PBXSourcesBuildPhase section */

/* Begin XCBuildConfiguration section */
		E711766C2CE0411D00236F4A /* Debug */ = {
			isa = XCBuildConfiguration;
			buildSettings = {
				ASSETCATALOG_COMPILER_APPICON_NAME = AppIcon;
				ASSETCATALOG_COMPILER_GENERATE_SWIFT_ASSET_SYMBOL_EXTENSIONS = YES;
				ASSETCATALOG_COMPILER_GLOBAL_ACCENT_COLOR_NAME = AccentColor;
				CLANG_ANALYZER_NONNULL = YES;
				CLANG_ANALYZER_NUMBER_OBJECT_CONVERSION = YES_AGGRESSIVE;
				CLANG_CXX_LANGUAGE_STANDARD = "gnu++20";
				CLANG_ENABLE_MODULES = YES;
				CLANG_ENABLE_OBJC_ARC = YES;
				CLANG_ENABLE_OBJC_WEAK = YES;
				CLANG_WARN_DIRECT_OBJC_ISA_USAGE = YES_ERROR;
				CLANG_WARN_DOCUMENTATION_COMMENTS = YES;
				CLANG_WARN_OBJC_IMPLICIT_RETAIN_SELF = YES;
				CLANG_WARN_OBJC_ROOT_CLASS = YES_ERROR;
				CLANG_WARN_UNGUARDED_AVAILABILITY = YES_AGGRESSIVE;
				CODE_SIGN_ENTITLEMENTS = manML/manML.entitlements;
				CODE_SIGN_STYLE = Automatic;
				COMBINE_HIDPI_IMAGES = YES;
				CURRENT_PROJECT_VERSION = 2;
				DEBUG_INFORMATION_FORMAT = dwarf;
				DEVELOPMENT_ASSET_PATHS = "\"manML/Preview Content\"";
				DEVELOPMENT_TEAM = MHEBPE6SV2;
				ENABLE_HARDENED_RUNTIME = YES;
				ENABLE_PREVIEWS = YES;
				ENABLE_USER_SCRIPT_SANDBOXING = YES;
				GCC_C_LANGUAGE_STANDARD = gnu17;
				GCC_PREPROCESSOR_DEFINITIONS = (
					"DEBUG=1",
					"$(inherited)",
				);
				GCC_WARN_ABOUT_RETURN_TYPE = YES_ERROR;
				GCC_WARN_UNINITIALIZED_AUTOS = YES_AGGRESSIVE;
				GENERATE_INFOPLIST_FILE = YES;
				INFOPLIST_FILE = manML/Info.plist;
				INFOPLIST_KEY_LSApplicationCategoryType = "public.app-category.developer-tools";
				INFOPLIST_KEY_NSHumanReadableCopyright = "Copyright (c) 1868 Charles Babbage";
				LD_RUNPATH_SEARCH_PATHS = (
					"$(inherited)",
					"@executable_path/../Frameworks",
				);
				LOCALIZATION_PREFERS_STRING_CATALOGS = YES;
				MACOSX_DEPLOYMENT_TARGET = 15.0;
				MARKETING_VERSION = 0.7;
				MTL_ENABLE_DEBUG_INFO = INCLUDE_SOURCE;
				MTL_FAST_MATH = YES;
				PRODUCT_BUNDLE_IDENTIFIER = software.tinker.manML;
				PRODUCT_NAME = "$(TARGET_NAME)";
				SWIFT_ACTIVE_COMPILATION_CONDITIONS = "DEBUG $(inherited)";
				SWIFT_EMIT_LOC_STRINGS = YES;
				SWIFT_OPTIMIZATION_LEVEL = "-Onone";
				SWIFT_VERSION = 6.0;
			};
			name = Debug;
		};
		E711766D2CE0411D00236F4A /* Release */ = {
			isa = XCBuildConfiguration;
			buildSettings = {
				ASSETCATALOG_COMPILER_APPICON_NAME = AppIcon;
				ASSETCATALOG_COMPILER_GENERATE_SWIFT_ASSET_SYMBOL_EXTENSIONS = YES;
				ASSETCATALOG_COMPILER_GLOBAL_ACCENT_COLOR_NAME = AccentColor;
				CLANG_ANALYZER_NONNULL = YES;
				CLANG_ANALYZER_NUMBER_OBJECT_CONVERSION = YES_AGGRESSIVE;
				CLANG_CXX_LANGUAGE_STANDARD = "gnu++20";
				CLANG_ENABLE_MODULES = YES;
				CLANG_ENABLE_OBJC_ARC = YES;
				CLANG_ENABLE_OBJC_WEAK = YES;
				CLANG_WARN_DIRECT_OBJC_ISA_USAGE = YES_ERROR;
				CLANG_WARN_DOCUMENTATION_COMMENTS = YES;
				CLANG_WARN_OBJC_IMPLICIT_RETAIN_SELF = YES;
				CLANG_WARN_OBJC_ROOT_CLASS = YES_ERROR;
				CLANG_WARN_UNGUARDED_AVAILABILITY = YES_AGGRESSIVE;
				CODE_SIGN_ENTITLEMENTS = manML/manML.entitlements;
				CODE_SIGN_STYLE = Automatic;
				COMBINE_HIDPI_IMAGES = YES;
				COPY_PHASE_STRIP = NO;
				CURRENT_PROJECT_VERSION = 2;
				DEVELOPMENT_ASSET_PATHS = "\"manML/Preview Content\"";
				DEVELOPMENT_TEAM = MHEBPE6SV2;
				ENABLE_HARDENED_RUNTIME = YES;
				ENABLE_NS_ASSERTIONS = NO;
				ENABLE_PREVIEWS = YES;
				ENABLE_USER_SCRIPT_SANDBOXING = YES;
				GCC_C_LANGUAGE_STANDARD = gnu17;
				GCC_WARN_ABOUT_RETURN_TYPE = YES_ERROR;
				GCC_WARN_UNINITIALIZED_AUTOS = YES_AGGRESSIVE;
				GENERATE_INFOPLIST_FILE = YES;
				INFOPLIST_FILE = manML/Info.plist;
				INFOPLIST_KEY_LSApplicationCategoryType = "public.app-category.developer-tools";
				INFOPLIST_KEY_NSHumanReadableCopyright = "Copyright (c) 1868 Charles Babbage";
				LD_RUNPATH_SEARCH_PATHS = (
					"$(inherited)",
					"@executable_path/../Frameworks",
				);
				LOCALIZATION_PREFERS_STRING_CATALOGS = YES;
				MACOSX_DEPLOYMENT_TARGET = 15.0;
				MARKETING_VERSION = 0.7;
				MTL_ENABLE_DEBUG_INFO = NO;
				MTL_FAST_MATH = YES;
				PRODUCT_BUNDLE_IDENTIFIER = software.tinker.manML;
				PRODUCT_NAME = "$(TARGET_NAME)";
				SWIFT_COMPILATION_MODE = wholemodule;
				SWIFT_EMIT_LOC_STRINGS = YES;
				SWIFT_VERSION = 6.0;
			};
			name = Release;
		};
		F487F4C6141EADEF0093D633 /* Debug */ = {
			isa = XCBuildConfiguration;
			buildSettings = {
				ALWAYS_SEARCH_USER_PATHS = NO;
				ASSETCATALOG_COMPILER_GENERATE_SWIFT_ASSET_SYMBOL_EXTENSIONS = YES;
				CLANG_WARN_BLOCK_CAPTURE_AUTORELEASING = YES;
				CLANG_WARN_BOOL_CONVERSION = YES;
				CLANG_WARN_COMMA = YES;
				CLANG_WARN_CONSTANT_CONVERSION = YES;
				CLANG_WARN_DEPRECATED_OBJC_IMPLEMENTATIONS = YES;
				CLANG_WARN_EMPTY_BODY = YES;
				CLANG_WARN_ENUM_CONVERSION = YES;
				CLANG_WARN_INFINITE_RECURSION = YES;
				CLANG_WARN_INT_CONVERSION = YES;
				CLANG_WARN_NON_LITERAL_NULL_CONVERSION = YES;
				CLANG_WARN_OBJC_IMPLICIT_RETAIN_SELF = NO;
				CLANG_WARN_OBJC_LITERAL_CONVERSION = YES;
				CLANG_WARN_QUOTED_INCLUDE_IN_FRAMEWORK_HEADER = YES;
				CLANG_WARN_RANGE_LOOP_ANALYSIS = YES;
				CLANG_WARN_STRICT_PROTOTYPES = YES;
				CLANG_WARN_SUSPICIOUS_MOVE = YES;
				CLANG_WARN_UNREACHABLE_CODE = YES;
				CLANG_WARN__DUPLICATE_METHOD_MATCH = YES;
				COPY_PHASE_STRIP = NO;
				DEAD_CODE_STRIPPING = YES;
				DEBUG_INFORMATION_FORMAT = "dwarf-with-dsym";
				ENABLE_STRICT_OBJC_MSGSEND = YES;
				ENABLE_TESTABILITY = YES;
				GCC_C_LANGUAGE_STANDARD = gnu99;
				GCC_DYNAMIC_NO_PIC = NO;
				GCC_ENABLE_OBJC_EXCEPTIONS = YES;
				GCC_NO_COMMON_BLOCKS = YES;
				GCC_OPTIMIZATION_LEVEL = 0;
				GCC_SYMBOLS_PRIVATE_EXTERN = YES;
				GCC_VERSION = "";
				GCC_WARN_64_TO_32_BIT_CONVERSION = YES;
				GCC_WARN_ABOUT_MISSING_PROTOTYPES = YES;
				GCC_WARN_ABOUT_RETURN_TYPE = YES;
				GCC_WARN_UNDECLARED_SELECTOR = YES;
				GCC_WARN_UNINITIALIZED_AUTOS = YES;
				GCC_WARN_UNUSED_FUNCTION = YES;
				GCC_WARN_UNUSED_VARIABLE = YES;
				MACOSX_DEPLOYMENT_TARGET = 10.13;
				ONLY_ACTIVE_ARCH = YES;
				SDKROOT = macosx;
				WARNING_CFLAGS = "-Wpartial-availability";
			};
			name = Debug;
		};
		F487F4C7141EADEF0093D633 /* Release */ = {
			isa = XCBuildConfiguration;
			buildSettings = {
				ALWAYS_SEARCH_USER_PATHS = NO;
				ASSETCATALOG_COMPILER_GENERATE_SWIFT_ASSET_SYMBOL_EXTENSIONS = YES;
				CLANG_WARN_BLOCK_CAPTURE_AUTORELEASING = YES;
				CLANG_WARN_BOOL_CONVERSION = YES;
				CLANG_WARN_COMMA = YES;
				CLANG_WARN_CONSTANT_CONVERSION = YES;
				CLANG_WARN_DEPRECATED_OBJC_IMPLEMENTATIONS = YES;
				CLANG_WARN_EMPTY_BODY = YES;
				CLANG_WARN_ENUM_CONVERSION = YES;
				CLANG_WARN_INFINITE_RECURSION = YES;
				CLANG_WARN_INT_CONVERSION = YES;
				CLANG_WARN_NON_LITERAL_NULL_CONVERSION = YES;
				CLANG_WARN_OBJC_IMPLICIT_RETAIN_SELF = NO;
				CLANG_WARN_OBJC_LITERAL_CONVERSION = YES;
				CLANG_WARN_QUOTED_INCLUDE_IN_FRAMEWORK_HEADER = YES;
				CLANG_WARN_RANGE_LOOP_ANALYSIS = YES;
				CLANG_WARN_STRICT_PROTOTYPES = YES;
				CLANG_WARN_SUSPICIOUS_MOVE = YES;
				CLANG_WARN_UNREACHABLE_CODE = YES;
				CLANG_WARN__DUPLICATE_METHOD_MATCH = YES;
				COPY_PHASE_STRIP = YES;
				DEAD_CODE_STRIPPING = YES;
				DEBUG_INFORMATION_FORMAT = "dwarf-with-dsym";
				ENABLE_STRICT_OBJC_MSGSEND = YES;
				GCC_C_LANGUAGE_STANDARD = gnu99;
				GCC_ENABLE_OBJC_EXCEPTIONS = YES;
				GCC_NO_COMMON_BLOCKS = YES;
				GCC_SYMBOLS_PRIVATE_EXTERN = YES;
				GCC_VERSION = "";
				GCC_WARN_64_TO_32_BIT_CONVERSION = YES;
				GCC_WARN_ABOUT_MISSING_PROTOTYPES = YES;
				GCC_WARN_ABOUT_RETURN_TYPE = YES;
				GCC_WARN_UNDECLARED_SELECTOR = YES;
				GCC_WARN_UNINITIALIZED_AUTOS = YES;
				GCC_WARN_UNUSED_FUNCTION = YES;
				GCC_WARN_UNUSED_VARIABLE = YES;
				MACOSX_DEPLOYMENT_TARGET = 10.13;
				ONLY_ACTIVE_ARCH = NO;
				SDKROOT = macosx;
				WARNING_CFLAGS = "-Wpartial-availability";
			};
			name = Release;
		};
/* End XCBuildConfiguration section */

/* Begin XCConfigurationList section */
		E711766E2CE0411E00236F4A /* Build configuration list for PBXNativeTarget "manML" */ = {
			isa = XCConfigurationList;
			buildConfigurations = (
				E711766C2CE0411D00236F4A /* Debug */,
				E711766D2CE0411D00236F4A /* Release */,
			);
			defaultConfigurationIsVisible = 0;
			defaultConfigurationName = Release;
		};
		F487F4A1141EADEF0093D633 /* Build configuration list for PBXProject "manML" */ = {
			isa = XCConfigurationList;
			buildConfigurations = (
				F487F4C6141EADEF0093D633 /* Debug */,
				F487F4C7141EADEF0093D633 /* Release */,
			);
			defaultConfigurationIsVisible = 0;
			defaultConfigurationName = Release;
		};
/* End XCConfigurationList section */
	};
	rootObject = F487F49E141EADEF0093D633 /* Project object */;
}
